{
  "name": "test-npm-package-project",
  "version": "1.0.0",
  "lockfileVersion": 3,
  "requires": true,
  "packages": {
    "": {
      "name": "test-npm-package-project",
      "version": "1.0.0",
      "license": "MIT",
      "dependencies": {
        "miguevelasquez1-npm-package-test": "1.0.0"
      }
    },
    "node_modules/miguevelasquez1-npm-package-test": {
      "version": "1.0.0",
      "resolved": "https://registry.npmjs.org/miguevelasquez1-npm-package-test/-/miguevelasquez1-npm-package-test-1.0.0.tgz",
      "integrity": "sha512-V/TWAJRmdVhtra36eVCiDU1d0s7y0NFGlWhOTL6xJImW8+wCQ83GzI7lBiVn631MOCVVwIYYoBtN/0naJj2W3A=="
    }
  }
}
